
Microsoft Visual Studio Solution File, Format Version 12.00
# Visual Studio 15
VisualStudioVersion = 15.0.28307.329
MinimumVisualStudioVersion = 10.0.40219.1
Project("{2150E333-8FDC-42A3-9474-1A3956D46DE8}") = "Service", "Service", "{4BB9BBFF-1ABE-4D8E-8257-5015AF5D6C4A}"
EndProject
Project("{2150E333-8FDC-42A3-9474-1A3956D46DE8}") = "Api", "Api", "{94EE38C6-1F2F-4AAD-A3BE-B3D1B0EDE261}"
EndProject
Project("{2150E333-8FDC-42A3-9474-1A3956D46DE8}") = "Core", "Core", "{555F3F4A-4399-4D9F-BF98-06A400E18C89}"
EndProject
Project("{2150E333-8FDC-42A3-9474-1A3956D46DE8}") = "DataAccess", "DataAccess", "{F814940F-2C0F-4775-8040-4337036028BF}"
EndProject
Project("{2150E333-8FDC-42A3-9474-1A3956D46DE8}") = "Entities", "Entities", "{BFCAEABF-8E2A-4C38-A81B-938DCABFF3D6}"
EndProject
Project("{2150E333-8FDC-42A3-9474-1A3956D46DE8}") = "Util", "Util", "{58A35645-62E1-4851-B695-0BA54B87666D}"
EndProject
Project("{FAE04EC0-301F-11D3-BF4B-00C04F79EFBC}") = "WSGCliente", "WSGCliente\WSGCliente.csproj", "{F01A064F-AF6C-451F-AD45-96E7014ABA59}"
EndProject
Project("{FAE04EC0-301F-11D3-BF4B-00C04F79EFBC}") = "WSGCliente.Core", "WSGCliente.Core\WSGCliente.Core.csproj", "{0F4D9054-93E8-45E8-864C-3167F236EC9B}"
EndProject
Project("{FAE04EC0-301F-11D3-BF4B-00C04F79EFBC}") = "WSGCliente.DataAccess", "WSGCliente.DataAccess\WSGCliente.DataAccess.csproj", "{EB60AF44-588F-4684-A809-9878BDF2943A}"
EndProject
Project("{FAE04EC0-301F-11D3-BF4B-00C04F79EFBC}") = "WSGCliente.Entities", "WSGCliente.Entities\WSGCliente.Entities.csproj", "{4CD29D8F-7F90-4A0F-8F0D-97C5366F03E5}"
EndProject
Project("{FAE04EC0-301F-11D3-BF4B-00C04F79EFBC}") = "WSGCliente.Util", "WSGCliente.Util\WSGCliente.Util.csproj", "{15031D15-8654-49EF-8E4A-4322FDFF0CB6}"
EndProject
Global
	GlobalSection(SolutionConfigurationPlatforms) = preSolution
		Debug|Any CPU = Debug|Any CPU
		Release|Any CPU = Release|Any CPU
	EndGlobalSection
	GlobalSection(ProjectConfigurationPlatforms) = postSolution
		{F01A064F-AF6C-451F-AD45-96E7014ABA59}.Debug|Any CPU.ActiveCfg = Debug|Any CPU
		{F01A064F-AF6C-451F-AD45-96E7014ABA59}.Debug|Any CPU.Build.0 = Debug|Any CPU
		{F01A064F-AF6C-451F-AD45-96E7014ABA59}.Release|Any CPU.ActiveCfg = Release|Any CPU
		{F01A064F-AF6C-451F-AD45-96E7014ABA59}.Release|Any CPU.Build.0 = Release|Any CPU
		{0F4D9054-93E8-45E8-864C-3167F236EC9B}.Debug|Any CPU.ActiveCfg = Debug|Any CPU
		{0F4D9054-93E8-45E8-864C-3167F236EC9B}.Debug|Any CPU.Build.0 = Debug|Any CPU
		{0F4D9054-93E8-45E8-864C-3167F236EC9B}.Release|Any CPU.ActiveCfg = Release|Any CPU
		{0F4D9054-93E8-45E8-864C-3167F236EC9B}.Release|Any CPU.Build.0 = Release|Any CPU
		{EB60AF44-588F-4684-A809-9878BDF2943A}.Debug|Any CPU.ActiveCfg = Debug|Any CPU
		{EB60AF44-588F-4684-A809-9878BDF2943A}.Debug|Any CPU.Build.0 = Debug|Any CPU
		{EB60AF44-588F-4684-A809-9878BDF2943A}.Release|Any CPU.ActiveCfg = Release|Any CPU
		{EB60AF44-588F-4684-A809-9878BDF2943A}.Release|Any CPU.Build.0 = Release|Any CPU
		{4CD29D8F-7F90-4A0F-8F0D-97C5366F03E5}.Debug|Any CPU.ActiveCfg = Debug|Any CPU
		{4CD29D8F-7F90-4A0F-8F0D-97C5366F03E5}.Debug|Any CPU.Build.0 = Debug|Any CPU
		{4CD29D8F-7F90-4A0F-8F0D-97C5366F03E5}.Release|Any CPU.ActiveCfg = Release|Any CPU
		{4CD29D8F-7F90-4A0F-8F0D-97C5366F03E5}.Release|Any CPU.Build.0 = Release|Any CPU
		{15031D15-8654-49EF-8E4A-4322FDFF0CB6}.Debug|Any CPU.ActiveCfg = Debug|Any CPU
		{15031D15-8654-49EF-8E4A-4322FDFF0CB6}.Debug|Any CPU.Build.0 = Debug|Any CPU
		{15031D15-8654-49EF-8E4A-4322FDFF0CB6}.Release|Any CPU.ActiveCfg = Release|Any CPU
		{15031D15-8654-49EF-8E4A-4322FDFF0CB6}.Release|Any CPU.Build.0 = Release|Any CPU
	EndGlobalSection
	GlobalSection(SolutionProperties) = preSolution
		HideSolutionNode = FALSE
	EndGlobalSection
	GlobalSection(NestedProjects) = preSolution
		{94EE38C6-1F2F-4AAD-A3BE-B3D1B0EDE261} = {4BB9BBFF-1ABE-4D8E-8257-5015AF5D6C4A}
		{555F3F4A-4399-4D9F-BF98-06A400E18C89} = {4BB9BBFF-1ABE-4D8E-8257-5015AF5D6C4A}
		{F814940F-2C0F-4775-8040-4337036028BF} = {4BB9BBFF-1ABE-4D8E-8257-5015AF5D6C4A}
		{BFCAEABF-8E2A-4C38-A81B-938DCABFF3D6} = {4BB9BBFF-1ABE-4D8E-8257-5015AF5D6C4A}
		{58A35645-62E1-4851-B695-0BA54B87666D} = {4BB9BBFF-1ABE-4D8E-8257-5015AF5D6C4A}
		{F01A064F-AF6C-451F-AD45-96E7014ABA59} = {94EE38C6-1F2F-4AAD-A3BE-B3D1B0EDE261}
		{0F4D9054-93E8-45E8-864C-3167F236EC9B} = {555F3F4A-4399-4D9F-BF98-06A400E18C89}
		{EB60AF44-588F-4684-A809-9878BDF2943A} = {F814940F-2C0F-4775-8040-4337036028BF}
		{4CD29D8F-7F90-4A0F-8F0D-97C5366F03E5} = {BFCAEABF-8E2A-4C38-A81B-938DCABFF3D6}
		{15031D15-8654-49EF-8E4A-4322FDFF0CB6} = {58A35645-62E1-4851-B695-0BA54B87666D}
	EndGlobalSection
	GlobalSection(ExtensibilityGlobals) = postSolution
		SolutionGuid = {5EC74A34-FBA2-415E-9F54-A3F0C9CFF896}
	EndGlobalSection
EndGlobal
